
Microsoft Visual Studio Solution File, Format Version 12.00
# Visual Studio 14
VisualStudioVersion = 14.0.25420.1
MinimumVisualStudioVersion = 10.0.40219.1
Project("{2150E333-8FDC-42A3-9474-1A3956D46DE8}") = "src", "src", "{E8864717-DEF5-4AF4-85F9-B74BE097906B}"
EndProject
Project("{2150E333-8FDC-42A3-9474-1A3956D46DE8}") = "Solution Items", "Solution Items", "{1BA29E44-38CD-4727-972B-5099A5D273C7}"
	ProjectSection(SolutionItems) = preProject
		global.json = global.json
	EndProjectSection
EndProject
Project("{8BB2217D-0F2D-49D1-97BC-3654ED321F3B}") = "Vouzamo.Commerce.Common", "src\Vouzamo.Commerce.Common\Vouzamo.Commerce.Common.xproj", "{952D1566-A035-49DE-9562-4CD3003125C2}"
EndProject
Global
	GlobalSection(SolutionConfigurationPlatforms) = preSolution
		Debug|Any CPU = Debug|Any CPU
		Release|Any CPU = Release|Any CPU
	EndGlobalSection
	GlobalSection(ProjectConfigurationPlatforms) = postSolution
		{952D1566-A035-49DE-9562-4CD3003125C2}.Debug|Any CPU.ActiveCfg = Debug|Any CPU
		{952D1566-A035-49DE-9562-4CD3003125C2}.Debug|Any CPU.Build.0 = Debug|Any CPU
		{952D1566-A035-49DE-9562-4CD3003125C2}.Release|Any CPU.ActiveCfg = Release|Any CPU
		{952D1566-A035-49DE-9562-4CD3003125C2}.Release|Any CPU.Build.0 = Release|Any CPU
	EndGlobalSection
	GlobalSection(SolutionProperties) = preSolution
		HideSolutionNode = FALSE
	EndGlobalSection
	GlobalSection(NestedProjects) = preSolution
		{952D1566-A035-49DE-9562-4CD3003125C2} = {E8864717-DEF5-4AF4-85F9-B74BE097906B}
	EndGlobalSection
EndGlobal
